{
  "name": "painel-da-mirna",
  "version": "2.0.0",
  "lockfileVersion": 3,
  "requires": true,
  "packages": {
    "": {
      "name": "painel-da-mirna",
      "version": "2.0.0",
      "dependencies": {
        "@neondatabase/serverless": "^1.1.0",
        "@vercel/blob": "^2.6.1"
      },
      "devDependencies": {
        "esbuild": "^0.28.1"
      },
      "engines": {
        "node": "22.x"
      }
    }
  }
}
